
Microsoft Visual Studio Solution File, Format Version 12.00
# Visual Studio Version 17
VisualStudioVersion = 17.3.32819.101
MinimumVisualStudioVersion = 10.0.40219.1
Project("{FAE04EC0-301F-11D3-BF4B-00C04F79EFBC}") = "crud-api", "crud-api\crud-api.csproj", "{3DD9C298-D008-4FC6-A200-DBE3D194EC13}"
EndProject
Global
	GlobalSection(SolutionConfigurationPlatforms) = preSolution
		Debug|Any CPU = Debug|Any CPU
		Release|Any CPU = Release|Any CPU
	EndGlobalSection
	GlobalSection(ProjectConfigurationPlatforms) = postSolution
		{3DD9C298-D008-4FC6-A200-DBE3D194EC13}.Debug|Any CPU.ActiveCfg = Debug|Any CPU
		{3DD9C298-D008-4FC6-A200-DBE3D194EC13}.Debug|Any CPU.Build.0 = Debug|Any CPU
		{3DD9C298-D008-4FC6-A200-DBE3D194EC13}.Release|Any CPU.ActiveCfg = Release|Any CPU
		{3DD9C298-D008-4FC6-A200-DBE3D194EC13}.Release|Any CPU.Build.0 = Release|Any CPU
	EndGlobalSection
	GlobalSection(SolutionProperties) = preSolution
		HideSolutionNode = FALSE
	EndGlobalSection
	GlobalSection(ExtensibilityGlobals) = postSolution
		SolutionGuid = {97B88D66-9660-4079-87E7-CCCCE34F9415}
	EndGlobalSection
EndGlobal
